# This file is @generated by PDM.
# It is not intended for manual editing.

[metadata]
groups = ["default"]
cross_platform = true
static_urls = false
lock_version = "4.3"
content_hash = "sha256:0c2dcb127f0c76cdb96e6d4e1ba055f25749b17a451857d8fcd48922bfd90dc9"

[[package]]
name = "svgwrite"
version = "1.4.3"
requires_python = ">=3.6"
summary = "A Python library to create SVG drawings."
files = [
    {file = "svgwrite-1.4.3-py3-none-any.whl", hash = "sha256:bb6b2b5450f1edbfa597d924f9ac2dd099e625562e492021d7dd614f65f8a22d"},
    {file = "svgwrite-1.4.3.zip", hash = "sha256:a8fbdfd4443302a6619a7f76bc937fc683daf2628d9b737c891ec08b8ce524c3"},
]
